# generated by rye
# use `rye lock` or `rye sync` to update this lockfile
#
# last locked with the following flags:
#   pre: false
#   features: []
#   all-features: false
#   with-sources: false
#   generate-hashes: false

-e file:.
nodeenv==1.9.1
    # via pyright
numpy==2.0.0
    # via scipy
    # via shimeri
packaging==24.1
    # via plotly
plotly==5.22.0
    # via shimeri
pyright==1.1.371
ruff==0.5.2
scipy==1.14.0
    # via shimeri
tenacity==8.4.1
    # via plotly
